{
  "name": "@dragndrop/dropzone",
  "version": "0.1.5",
  "lockfileVersion": 1,
  "requires": true,
  "dependencies": {
    "@dragndrop/draggable": {
      "version": "0.1.5",
      "resolved": "https://registry.npmjs.org/@dragndrop/draggable/-/draggable-0.1.5.tgz",
      "integrity": "sha512-fuZ6Aj3K39kGTtHqjvx1sQGk1z5oMpcd7bJOsGyi4/6qxN/qRejzbblHy7k1rOv6dTeFPdQ1eljM7oB/MZDvcw==",
      "requires": {
        "@material/base": "^3.1.0",
        "@material/dom": "^3.1.0",
        "@types/smoothscroll-polyfill": "^0.3.1",
        "smoothscroll-polyfill": "^0.4.4",
        "tslib": "^1.9.3"
      }
    },
    "@material/base": {
      "version": "3.1.0",
      "resolved": "https://registry.npmjs.org/@material/base/-/base-3.1.0.tgz",
      "integrity": "sha512-pWEBHyPrMV3rdnjqWWH96h5t3MxQI6V1J9jOor+UBG7bXQtr6InTabTqhz5CLY7r+qZU8YvNh2OKIy8heP0cyQ==",
      "requires": {
        "tslib": "^1.9.3"
      },
      "dependencies": {
        "tslib": {
          "version": "1.10.0",
          "resolved": "https://registry.npmjs.org/tslib/-/tslib-1.10.0.tgz",
          "integrity": "sha512-qOebF53frne81cf0S9B41ByenJ3/IuH8yJKngAX35CmiZySA0khhkovshKK+jGCaMnVomla7gVlIcc3EvKPbTQ=="
        }
      }
    },
    "@material/dom": {
      "version": "3.1.0",
      "resolved": "https://registry.npmjs.org/@material/dom/-/dom-3.1.0.tgz",
      "integrity": "sha512-RtBLSkrBjMfHwknaGBifAIC8cBWF9pXjz2IYqfI2braB6SfQI4vhdJviwyiA5BmA/psn3cKpBUZbHI0ym0O0SQ==",
      "requires": {
        "tslib": "^1.9.3"
      },
      "dependencies": {
        "tslib": {
          "version": "1.10.0",
          "resolved": "https://registry.npmjs.org/tslib/-/tslib-1.10.0.tgz",
          "integrity": "sha512-qOebF53frne81cf0S9B41ByenJ3/IuH8yJKngAX35CmiZySA0khhkovshKK+jGCaMnVomla7gVlIcc3EvKPbTQ=="
        }
      }
    },
    "@types/smoothscroll-polyfill": {
      "version": "0.3.1",
      "resolved": "https://registry.npmjs.org/@types/smoothscroll-polyfill/-/smoothscroll-polyfill-0.3.1.tgz",
      "integrity": "sha512-+KkHw4y+EyeCtVXET7woHUhIbfWFCflc0E0mZnSV+ZdjPQeHt/9KPEuT7gSW/kFQ8O3EG30PLO++YhChDt8+Ag=="
    },
    "smoothscroll-polyfill": {
      "version": "0.4.4",
      "resolved": "https://registry.npmjs.org/smoothscroll-polyfill/-/smoothscroll-polyfill-0.4.4.tgz",
      "integrity": "sha512-TK5ZA9U5RqCwMpfoMq/l1mrH0JAR7y7KRvOBx0n2869aLxch+gT9GhN3yUfjiw+d/DiF1mKo14+hd62JyMmoBg=="
    },
    "tslib": {
      "version": "1.10.0",
      "resolved": "https://registry.npmjs.org/tslib/-/tslib-1.10.0.tgz",
      "integrity": "sha512-qOebF53frne81cf0S9B41ByenJ3/IuH8yJKngAX35CmiZySA0khhkovshKK+jGCaMnVomla7gVlIcc3EvKPbTQ=="
    }
  }
}
