{
  "name": "@dragndrop/dragndrop",
  "version": "0.0.2",
  "lockfileVersion": 1,
  "requires": true,
  "dependencies": {
    "@dragndrop/draggable": {
      "version": "0.0.2",
      "resolved": "https://registry.npmjs.org/@dragndrop/draggable/-/draggable-0.0.2.tgz",
      "integrity": "sha512-QFa0c3QZlF863J6JANr7G6lBHWKlQxpr2+cRL5TWLxp9ML4iyYINhmBF94ecWX8+RfDcyfxkm1TPTYmCPscDgQ==",
      "requires": {
        "@material/base": "^3.1.0",
        "@material/dom": "^3.1.0",
        "tslib": "^1.9.3"
      }
    },
    "@dragndrop/dropzone": {
      "version": "0.0.2",
      "resolved": "https://registry.npmjs.org/@dragndrop/dropzone/-/dropzone-0.0.2.tgz",
      "integrity": "sha512-UbIXrSL86lZVa/0gX0nRonZGgoiSjbt+iL7EmBLFMwjoUhQZJpc3AsJzH+UP25EA4d2pwL5+To1Kv2CNLT7Wdw==",
      "requires": {
        "@dragndrop/draggable": "^0.0.2",
        "@material/base": "^3.1.0",
        "@material/dom": "^3.1.0",
        "tslib": "^1.9.3"
      }
    },
    "@material/base": {
      "version": "3.1.0",
      "resolved": "https://registry.npmjs.org/@material/base/-/base-3.1.0.tgz",
      "integrity": "sha512-pWEBHyPrMV3rdnjqWWH96h5t3MxQI6V1J9jOor+UBG7bXQtr6InTabTqhz5CLY7r+qZU8YvNh2OKIy8heP0cyQ==",
      "requires": {
        "tslib": "^1.9.3"
      }
    },
    "@material/dom": {
      "version": "3.1.0",
      "resolved": "https://registry.npmjs.org/@material/dom/-/dom-3.1.0.tgz",
      "integrity": "sha512-RtBLSkrBjMfHwknaGBifAIC8cBWF9pXjz2IYqfI2braB6SfQI4vhdJviwyiA5BmA/psn3cKpBUZbHI0ym0O0SQ==",
      "requires": {
        "tslib": "^1.9.3"
      }
    },
    "tslib": {
      "version": "1.10.0",
      "resolved": "https://registry.npmjs.org/tslib/-/tslib-1.10.0.tgz",
      "integrity": "sha512-qOebF53frne81cf0S9B41ByenJ3/IuH8yJKngAX35CmiZySA0khhkovshKK+jGCaMnVomla7gVlIcc3EvKPbTQ=="
    }
  }
}
